// !$*UTF8*$!
{
	archiveVersion = 1;
	classes = {
	};
	objectVersion = 48;
	objects = {

/* Begin PBXBuildFile section */
		52C5A6AE20FBD42D004A5236 /* LoginViewController.graphql in Resources */ = {isa = PBXBuildFile; fileRef = 52C5A6AD20FBD42D004A5236 /* LoginViewController.graphql */; };
		52C5A6B020FBD9BF004A5236 /* API.swift in Sources */ = {isa = PBXBuildFile; fileRef = 52C5A6AF20FBD9BF004A5236 /* API.swift */; };
		52C5A6B220FBD9D8004A5236 /* schema.json in Resources */ = {isa = PBXBuildFile; fileRef = 52C5A6B120FBD9D8004A5236 /* schema.json */; };
		6827E1C32059E91400B1F572 /* AppDelegate.swift in Sources */ = {isa = PBXBuildFile; fileRef = 6827E1C22059E91400B1F572 /* AppDelegate.swift */; };
		6827E1C52059E91400B1F572 /* ViewController.swift in Sources */ = {isa = PBXBuildFile; fileRef = 6827E1C42059E91400B1F572 /* ViewController.swift */; };
		6827E1C82059E91400B1F572 /* Main.storyboard in Resources */ = {isa = PBXBuildFile; fileRef = 6827E1C62059E91400B1F572 /* Main.storyboard */; };
		6827E1CB2059E91400B1F572 /* YourWorld.xcdatamodeld in Sources */ = {isa = PBXBuildFile; fileRef = 6827E1C92059E91400B1F572 /* YourWorld.xcdatamodeld */; };
		6827E1CD2059E91400B1F572 /* Assets.xcassets in Resources */ = {isa = PBXBuildFile; fileRef = 6827E1CC2059E91400B1F572 /* Assets.xcassets */; };
		6827E1D02059E91400B1F572 /* LaunchScreen.storyboard in Resources */ = {isa = PBXBuildFile; fileRef = 6827E1CE2059E91400B1F572 /* LaunchScreen.storyboard */; };
		6827E1DA2059F40E00B1F572 /* LogInViewController.swift in Sources */ = {isa = PBXBuildFile; fileRef = 6827E1D92059F40E00B1F572 /* LogInViewController.swift */; };
		6827E1DC2059F44A00B1F572 /* RegisterViewController.swift in Sources */ = {isa = PBXBuildFile; fileRef = 6827E1DB2059F44A00B1F572 /* RegisterViewController.swift */; };
		6827E1DE205A0F5300B1F572 /* Register2ViewController.swift in Sources */ = {isa = PBXBuildFile; fileRef = 6827E1DD205A0F5300B1F572 /* Register2ViewController.swift */; };
		6827E1E0205A15B100B1F572 /* MainScreenViewController.swift in Sources */ = {isa = PBXBuildFile; fileRef = 6827E1DF205A15B100B1F572 /* MainScreenViewController.swift */; };
		9EBA3EC095A2A0D533A8170B /* Pods_YourWorld.framework in Frameworks */ = {isa = PBXBuildFile; fileRef = 60498AC893A578FA7DDDF0FD /* Pods_YourWorld.framework */; };
/* End PBXBuildFile section */

/* Begin PBXFileReference section */
		0BBB42AD318C0A2ABBBFB80B /* Pods-YourWorld.debug.xcconfig */ = {isa = PBXFileReference; includeInIndex = 1; lastKnownFileType = text.xcconfig; name = "Pods-YourWorld.debug.xcconfig"; path = "Pods/Target Support Files/Pods-YourWorld/Pods-YourWorld.debug.xcconfig"; sourceTree = "<group>"; };
		52C5A6AD20FBD42D004A5236 /* LoginViewController.graphql */ = {isa = PBXFileReference; lastKnownFileType = text; path = LoginViewController.graphql; sourceTree = "<group>"; };
		52C5A6AF20FBD9BF004A5236 /* API.swift */ = {isa = PBXFileReference; fileEncoding = 4; lastKnownFileType = sourcecode.swift; name = API.swift; path = YourWorld/API.swift; sourceTree = SOURCE_ROOT; };
		52C5A6B120FBD9D8004A5236 /* schema.json */ = {isa = PBXFileReference; fileEncoding = 4; lastKnownFileType = text.json; name = schema.json; path = YourWorld/schema.json; sourceTree = SOURCE_ROOT; };
		60498AC893A578FA7DDDF0FD /* Pods_YourWorld.framework */ = {isa = PBXFileReference; explicitFileType = wrapper.framework; includeInIndex = 0; path = Pods_YourWorld.framework; sourceTree = BUILT_PRODUCTS_DIR; };
		6827E1BF2059E91400B1F572 /* YourWorld.app */ = {isa = PBXFileReference; explicitFileType = wrapper.application; includeInIndex = 0; path = YourWorld.app; sourceTree = BUILT_PRODUCTS_DIR; };
		6827E1C22059E91400B1F572 /* AppDelegate.swift */ = {isa = PBXFileReference; lastKnownFileType = sourcecode.swift; path = AppDelegate.swift; sourceTree = "<group>"; };
		6827E1C42059E91400B1F572 /* ViewController.swift */ = {isa = PBXFileReference; lastKnownFileType = sourcecode.swift; path = ViewController.swift; sourceTree = "<group>"; };
		6827E1C72059E91400B1F572 /* Base */ = {isa = PBXFileReference; lastKnownFileType = file.storyboard; name = Base; path = Base.lproj/Main.storyboard; sourceTree = "<group>"; };
		6827E1CA2059E91400B1F572 /* YourWorld.xcdatamodel */ = {isa = PBXFileReference; lastKnownFileType = wrapper.xcdatamodel; path = YourWorld.xcdatamodel; sourceTree = "<group>"; };
		6827E1CC2059E91400B1F572 /* Assets.xcassets */ = {isa = PBXFileReference; lastKnownFileType = folder.assetcatalog; path = Assets.xcassets; sourceTree = "<group>"; };
		6827E1CF2059E91400B1F572 /* Base */ = {isa = PBXFileReference; lastKnownFileType = file.storyboard; name = Base; path = Base.lproj/LaunchScreen.storyboard; sourceTree = "<group>"; };
		6827E1D12059E91400B1F572 /* Info.plist */ = {isa = PBXFileReference; lastKnownFileType = text.plist.xml; path = Info.plist; sourceTree = "<group>"; };
		6827E1D92059F40E00B1F572 /* LogInViewController.swift */ = {isa = PBXFileReference; lastKnownFileType = sourcecode.swift; path = LogInViewController.swift; sourceTree = "<group>"; };
		6827E1DB2059F44A00B1F572 /* RegisterViewController.swift */ = {isa = PBXFileReference; lastKnownFileType = sourcecode.swift; path = RegisterViewController.swift; sourceTree = "<group>"; };
		6827E1DD205A0F5300B1F572 /* Register2ViewController.swift */ = {isa = PBXFileReference; lastKnownFileType = sourcecode.swift; path = Register2ViewController.swift; sourceTree = "<group>"; };
		6827E1DF205A15B100B1F572 /* MainScreenViewController.swift */ = {isa = PBXFileReference; lastKnownFileType = sourcecode.swift; path = MainScreenViewController.swift; sourceTree = "<group>"; };
		A92B43C10D95777DA5F97B50 /* Pods-YourWorld.release.xcconfig */ = {isa = PBXFileReference; includeInIndex = 1; lastKnownFileType = text.xcconfig; name = "Pods-YourWorld.release.xcconfig"; path = "Pods/Target Support Files/Pods-YourWorld/Pods-YourWorld.release.xcconfig"; sourceTree = "<group>"; };
/* End PBXFileReference section */

/* Begin PBXFrameworksBuildPhase section */
		6827E1BC2059E91400B1F572 /* Frameworks */ = {
			isa = PBXFrameworksBuildPhase;
			buildActionMask = 2147483647;
			files = (
				9EBA3EC095A2A0D533A8170B /* Pods_YourWorld.framework in Frameworks */,
			);
			runOnlyForDeploymentPostprocessing = 0;
		};
/* End PBXFrameworksBuildPhase section */

/* Begin PBXGroup section */
		52C5A6AC20FBD40A004A5236 /* GraphQL */ = {
			isa = PBXGroup;
			children = (
				52C5A6B120FBD9D8004A5236 /* schema.json */,
				52C5A6AF20FBD9BF004A5236 /* API.swift */,
				52C5A6AD20FBD42D004A5236 /* LoginViewController.graphql */,
			);
			path = GraphQL;
			sourceTree = "<group>";
		};
		6827E1B62059E91400B1F572 = {
			isa = PBXGroup;
			children = (
				6827E1C12059E91400B1F572 /* YourWorld */,
				6827E1C02059E91400B1F572 /* Products */,
				B2A70866CDD16EEAE9FD05EE /* Pods */,
				F74C6DD958C85516508BBE5F /* Frameworks */,
			);
			sourceTree = "<group>";
		};
		6827E1C02059E91400B1F572 /* Products */ = {
			isa = PBXGroup;
			children = (
				6827E1BF2059E91400B1F572 /* YourWorld.app */,
			);
			name = Products;
			sourceTree = "<group>";
		};
		6827E1C12059E91400B1F572 /* YourWorld */ = {
			isa = PBXGroup;
			children = (
				52C5A6AC20FBD40A004A5236 /* GraphQL */,
				6827E1D72059E9DF00B1F572 /* Controller */,
				6827E1D82059E9F600B1F572 /* View */,
				6827E1CC2059E91400B1F572 /* Assets.xcassets */,
				6827E1D12059E91400B1F572 /* Info.plist */,
				6827E1C92059E91400B1F572 /* YourWorld.xcdatamodeld */,
			);
			path = YourWorld;
			sourceTree = "<group>";
		};
		6827E1D72059E9DF00B1F572 /* Controller */ = {
			isa = PBXGroup;
			children = (
				6827E1C22059E91400B1F572 /* AppDelegate.swift */,
				6827E1C42059E91400B1F572 /* ViewController.swift */,
				6827E1D92059F40E00B1F572 /* LogInViewController.swift */,
				6827E1DB2059F44A00B1F572 /* RegisterViewController.swift */,
				6827E1DD205A0F5300B1F572 /* Register2ViewController.swift */,
				6827E1DF205A15B100B1F572 /* MainScreenViewController.swift */,
			);
			path = Controller;
			sourceTree = "<group>";
		};
		6827E1D82059E9F600B1F572 /* View */ = {
			isa = PBXGroup;
			children = (
				6827E1C62059E91400B1F572 /* Main.storyboard */,
				6827E1CE2059E91400B1F572 /* LaunchScreen.storyboard */,
			);
			path = View;
			sourceTree = "<group>";
		};
		B2A70866CDD16EEAE9FD05EE /* Pods */ = {
			isa = PBXGroup;
			children = (
				0BBB42AD318C0A2ABBBFB80B /* Pods-YourWorld.debug.xcconfig */,
				A92B43C10D95777DA5F97B50 /* Pods-YourWorld.release.xcconfig */,
			);
			name = Pods;
			sourceTree = "<group>";
		};
		F74C6DD958C85516508BBE5F /* Frameworks */ = {
			isa = PBXGroup;
			children = (
				60498AC893A578FA7DDDF0FD /* Pods_YourWorld.framework */,
			);
			name = Frameworks;
			sourceTree = "<group>";
		};
/* End PBXGroup section */

/* Begin PBXNativeTarget section */
		6827E1BE2059E91400B1F572 /* YourWorld */ = {
			isa = PBXNativeTarget;
			buildConfigurationList = 6827E1D42059E91400B1F572 /* Build configuration list for PBXNativeTarget "YourWorld" */;
			buildPhases = (
				41F7727B3C9030DAFE8199BF /* [CP] Check Pods Manifest.lock */,
				6827E1BB2059E91400B1F572 /* Sources */,
				5293B28C20FBC967000DFB5E /* Generate Apollo GraphQL API */,
				6827E1BC2059E91400B1F572 /* Frameworks */,
				6827E1BD2059E91400B1F572 /* Resources */,
				9060FABD9DFDC39292AA4545 /* [CP] Embed Pods Frameworks */,
			);
			buildRules = (
			);
			dependencies = (
			);
			name = YourWorld;
			productName = YourWorld;
			productReference = 6827E1BF2059E91400B1F572 /* YourWorld.app */;
			productType = "com.apple.product-type.application";
		};
/* End PBXNativeTarget section */

/* Begin PBXProject section */
		6827E1B72059E91400B1F572 /* Project object */ = {
			isa = PBXProject;
			attributes = {
				LastSwiftUpdateCheck = 0920;
				LastUpgradeCheck = 0940;
				ORGANIZATIONNAME = "Joey Rattana";
				TargetAttributes = {
					6827E1BE2059E91400B1F572 = {
						CreatedOnToolsVersion = 9.2;
						ProvisioningStyle = Automatic;
					};
				};
			};
			buildConfigurationList = 6827E1BA2059E91400B1F572 /* Build configuration list for PBXProject "YourWorld" */;
			compatibilityVersion = "Xcode 8.0";
			developmentRegion = en;
			hasScannedForEncodings = 0;
			knownRegions = (
				en,
				Base,
			);
			mainGroup = 6827E1B62059E91400B1F572;
			productRefGroup = 6827E1C02059E91400B1F572 /* Products */;
			projectDirPath = "";
			projectRoot = "";
			targets = (
				6827E1BE2059E91400B1F572 /* YourWorld */,
			);
		};
/* End PBXProject section */

/* Begin PBXResourcesBuildPhase section */
		6827E1BD2059E91400B1F572 /* Resources */ = {
			isa = PBXResourcesBuildPhase;
			buildActionMask = 2147483647;
			files = (
				52C5A6AE20FBD42D004A5236 /* LoginViewController.graphql in Resources */,
				52C5A6B220FBD9D8004A5236 /* schema.json in Resources */,
				6827E1D02059E91400B1F572 /* LaunchScreen.storyboard in Resources */,
				6827E1CD2059E91400B1F572 /* Assets.xcassets in Resources */,
				6827E1C82059E91400B1F572 /* Main.storyboard in Resources */,
			);
			runOnlyForDeploymentPostprocessing = 0;
		};
/* End PBXResourcesBuildPhase section */

/* Begin PBXShellScriptBuildPhase section */
		41F7727B3C9030DAFE8199BF /* [CP] Check Pods Manifest.lock */ = {
			isa = PBXShellScriptBuildPhase;
			buildActionMask = 2147483647;
			files = (
			);
			inputPaths = (
				"${PODS_PODFILE_DIR_PATH}/Podfile.lock",
				"${PODS_ROOT}/Manifest.lock",
			);
			name = "[CP] Check Pods Manifest.lock";
			outputPaths = (
				"$(DERIVED_FILE_DIR)/Pods-YourWorld-checkManifestLockResult.txt",
			);
			runOnlyForDeploymentPostprocessing = 0;
			shellPath = /bin/sh;
			shellScript = "diff \"${PODS_PODFILE_DIR_PATH}/Podfile.lock\" \"${PODS_ROOT}/Manifest.lock\" > /dev/null\nif [ $? != 0 ] ; then\n    # print error to STDERR\n    echo \"error: The sandbox is not in sync with the Podfile.lock. Run 'pod install' or update your CocoaPods installation.\" >&2\n    exit 1\nfi\n# This output is used by Xcode 'outputs' to avoid re-running this script phase.\necho \"SUCCESS\" > \"${SCRIPT_OUTPUT_FILE_0}\"\n";
			showEnvVarsInLog = 0;
		};
		5293B28C20FBC967000DFB5E /* Generate Apollo GraphQL API */ = {
			isa = PBXShellScriptBuildPhase;
			buildActionMask = 2147483647;
			files = (
			);
			inputPaths = (
			);
			name = "Generate Apollo GraphQL API";
			outputPaths = (
			);
			runOnlyForDeploymentPostprocessing = 0;
			shellPath = /bin/sh;
			shellScript = "APOLLO_FRAMEWORK_PATH=\"$(eval find $FRAMEWORK_SEARCH_PATHS -name \"Apollo.framework\" -maxdepth 1)\"\n\nif [ -z \"$APOLLO_FRAMEWORK_PATH\" ]; then\necho \"error: Couldn't find Apollo.framework in FRAMEWORK_SEARCH_PATHS; make sure to add the framework to your project.\"\nexit 1\nfi\n\ncd \"${SRCROOT}/${TARGET_NAME}\"\n$APOLLO_FRAMEWORK_PATH/check-and-run-apollo-codegen.sh generate $(find . -name '*.graphql') --schema schema.json --output API.swift";
		};
		9060FABD9DFDC39292AA4545 /* [CP] Embed Pods Frameworks */ = {
			isa = PBXShellScriptBuildPhase;
			buildActionMask = 2147483647;
			files = (
			);
			inputPaths = (
				"${SRCROOT}/Pods/Target Support Files/Pods-YourWorld/Pods-YourWorld-frameworks.sh",
				"${BUILT_PRODUCTS_DIR}/Apollo/Apollo.framework",
				"${BUILT_PRODUCTS_DIR}/SVProgressHUD/SVProgressHUD.framework",
			);
			name = "[CP] Embed Pods Frameworks";
			outputPaths = (
				"${TARGET_BUILD_DIR}/${FRAMEWORKS_FOLDER_PATH}/Apollo.framework",
				"${TARGET_BUILD_DIR}/${FRAMEWORKS_FOLDER_PATH}/SVProgressHUD.framework",
			);
			runOnlyForDeploymentPostprocessing = 0;
			shellPath = /bin/sh;
			shellScript = "\"${SRCROOT}/Pods/Target Support Files/Pods-YourWorld/Pods-YourWorld-frameworks.sh\"\n";
			showEnvVarsInLog = 0;
		};
/* End PBXShellScriptBuildPhase section */

/* Begin PBXSourcesBuildPhase section */
		6827E1BB2059E91400B1F572 /* Sources */ = {
			isa = PBXSourcesBuildPhase;
			buildActionMask = 2147483647;
			files = (
				6827E1DA2059F40E00B1F572 /* LogInViewController.swift in Sources */,
				6827E1DC2059F44A00B1F572 /* RegisterViewController.swift in Sources */,
				6827E1E0205A15B100B1F572 /* MainScreenViewController.swift in Sources */,
				6827E1C52059E91400B1F572 /* ViewController.swift in Sources */,
				6827E1C32059E91400B1F572 /* AppDelegate.swift in Sources */,
				6827E1DE205A0F5300B1F572 /* Register2ViewController.swift in Sources */,
				52C5A6B020FBD9BF004A5236 /* API.swift in Sources */,
				6827E1CB2059E91400B1F572 /* YourWorld.xcdatamodeld in Sources */,
			);
			runOnlyForDeploymentPostprocessing = 0;
		};
/* End PBXSourcesBuildPhase section */

/* Begin PBXVariantGroup section */
		6827E1C62059E91400B1F572 /* Main.storyboard */ = {
			isa = PBXVariantGroup;
			children = (
				6827E1C72059E91400B1F572 /* Base */,
			);
			name = Main.storyboard;
			sourceTree = "<group>";
		};
		6827E1CE2059E91400B1F572 /* LaunchScreen.storyboard */ = {
			isa = PBXVariantGroup;
			children = (
				6827E1CF2059E91400B1F572 /* Base */,
			);
			name = LaunchScreen.storyboard;
			sourceTree = "<group>";
		};
/* End PBXVariantGroup section */

/* Begin XCBuildConfiguration section */
		6827E1D22059E91400B1F572 /* Debug */ = {
			isa = XCBuildConfiguration;
			buildSettings = {
				ALWAYS_SEARCH_USER_PATHS = NO;
				CLANG_ANALYZER_NONNULL = YES;
				CLANG_ANALYZER_NUMBER_OBJECT_CONVERSION = YES_AGGRESSIVE;
				CLANG_CXX_LANGUAGE_STANDARD = "gnu++14";
				CLANG_CXX_LIBRARY = "libc++";
				CLANG_ENABLE_MODULES = YES;
				CLANG_ENABLE_OBJC_ARC = YES;
				CLANG_WARN_BLOCK_CAPTURE_AUTORELEASING = YES;
				CLANG_WARN_BOOL_CONVERSION = YES;
				CLANG_WARN_COMMA = YES;
				CLANG_WARN_CONSTANT_CONVERSION = YES;
				CLANG_WARN_DEPRECATED_OBJC_IMPLEMENTATIONS = YES;
				CLANG_WARN_DIRECT_OBJC_ISA_USAGE = YES_ERROR;
				CLANG_WARN_DOCUMENTATION_COMMENTS = YES;
				CLANG_WARN_EMPTY_BODY = YES;
				CLANG_WARN_ENUM_CONVERSION = YES;
				CLANG_WARN_INFINITE_RECURSION = YES;
				CLANG_WARN_INT_CONVERSION = YES;
				CLANG_WARN_NON_LITERAL_NULL_CONVERSION = YES;
				CLANG_WARN_OBJC_IMPLICIT_RETAIN_SELF = YES;
				CLANG_WARN_OBJC_LITERAL_CONVERSION = YES;
				CLANG_WARN_OBJC_ROOT_CLASS = YES_ERROR;
				CLANG_WARN_RANGE_LOOP_ANALYSIS = YES;
				CLANG_WARN_STRICT_PROTOTYPES = YES;
				CLANG_WARN_SUSPICIOUS_MOVE = YES;
				CLANG_WARN_UNGUARDED_AVAILABILITY = YES_AGGRESSIVE;
				CLANG_WARN_UNREACHABLE_CODE = YES;
				CLANG_WARN__DUPLICATE_METHOD_MATCH = YES;
				CODE_SIGN_IDENTITY = "iPhone Developer";
				COPY_PHASE_STRIP = NO;
				DEBUG_INFORMATION_FORMAT = dwarf;
				ENABLE_STRICT_OBJC_MSGSEND = YES;
				ENABLE_TESTABILITY = YES;
				GCC_C_LANGUAGE_STANDARD = gnu11;
				GCC_DYNAMIC_NO_PIC = NO;
				GCC_NO_COMMON_BLOCKS = YES;
				GCC_OPTIMIZATION_LEVEL = 0;
				GCC_PREPROCESSOR_DEFINITIONS = (
					"DEBUG=1",
					"$(inherited)",
				);
				GCC_WARN_64_TO_32_BIT_CONVERSION = YES;
				GCC_WARN_ABOUT_RETURN_TYPE = YES_ERROR;
				GCC_WARN_UNDECLARED_SELECTOR = YES;
				GCC_WARN_UNINITIALIZED_AUTOS = YES_AGGRESSIVE;
				GCC_WARN_UNUSED_FUNCTION = YES;
				GCC_WARN_UNUSED_VARIABLE = YES;
				IPHONEOS_DEPLOYMENT_TARGET = 11.2;
				MTL_ENABLE_DEBUG_INFO = YES;
				ONLY_ACTIVE_ARCH = YES;
				SDKROOT = iphoneos;
				SWIFT_ACTIVE_COMPILATION_CONDITIONS = DEBUG;
				SWIFT_OPTIMIZATION_LEVEL = "-Onone";
			};
			name = Debug;
		};
		6827E1D32059E91400B1F572 /* Release */ = {
			isa = XCBuildConfiguration;
			buildSettings = {
				ALWAYS_SEARCH_USER_PATHS = NO;
				CLANG_ANALYZER_NONNULL = YES;
				CLANG_ANALYZER_NUMBER_OBJECT_CONVERSION = YES_AGGRESSIVE;
				CLANG_CXX_LANGUAGE_STANDARD = "gnu++14";
				CLANG_CXX_LIBRARY = "libc++";
				CLANG_ENABLE_MODULES = YES;
				CLANG_ENABLE_OBJC_ARC = YES;
				CLANG_WARN_BLOCK_CAPTURE_AUTORELEASING = YES;
				CLANG_WARN_BOOL_CONVERSION = YES;
				CLANG_WARN_COMMA = YES;
				CLANG_WARN_CONSTANT_CONVERSION = YES;
				CLANG_WARN_DEPRECATED_OBJC_IMPLEMENTATIONS = YES;
				CLANG_WARN_DIRECT_OBJC_ISA_USAGE = YES_ERROR;
				CLANG_WARN_DOCUMENTATION_COMMENTS = YES;
				CLANG_WARN_EMPTY_BODY = YES;
				CLANG_WARN_ENUM_CONVERSION = YES;
				CLANG_WARN_INFINITE_RECURSION = YES;
				CLANG_WARN_INT_CONVERSION = YES;
				CLANG_WARN_NON_LITERAL_NULL_CONVERSION = YES;
				CLANG_WARN_OBJC_IMPLICIT_RETAIN_SELF = YES;
				CLANG_WARN_OBJC_LITERAL_CONVERSION = YES;
				CLANG_WARN_OBJC_ROOT_CLASS = YES_ERROR;
				CLANG_WARN_RANGE_LOOP_ANALYSIS = YES;
				CLANG_WARN_STRICT_PROTOTYPES = YES;
				CLANG_WARN_SUSPICIOUS_MOVE = YES;
				CLANG_WARN_UNGUARDED_AVAILABILITY = YES_AGGRESSIVE;
				CLANG_WARN_UNREACHABLE_CODE = YES;
				CLANG_WARN__DUPLICATE_METHOD_MATCH = YES;
				CODE_SIGN_IDENTITY = "iPhone Developer";
				COPY_PHASE_STRIP = NO;
				DEBUG_INFORMATION_FORMAT = "dwarf-with-dsym";
				ENABLE_NS_ASSERTIONS = NO;
				ENABLE_STRICT_OBJC_MSGSEND = YES;
				GCC_C_LANGUAGE_STANDARD = gnu11;
				GCC_NO_COMMON_BLOCKS = YES;
				GCC_WARN_64_TO_32_BIT_CONVERSION = YES;
				GCC_WARN_ABOUT_RETURN_TYPE = YES_ERROR;
				GCC_WARN_UNDECLARED_SELECTOR = YES;
				GCC_WARN_UNINITIALIZED_AUTOS = YES_AGGRESSIVE;
				GCC_WARN_UNUSED_FUNCTION = YES;
				GCC_WARN_UNUSED_VARIABLE = YES;
				IPHONEOS_DEPLOYMENT_TARGET = 11.2;
				MTL_ENABLE_DEBUG_INFO = NO;
				SDKROOT = iphoneos;
				SWIFT_OPTIMIZATION_LEVEL = "-Owholemodule";
				VALIDATE_PRODUCT = YES;
			};
			name = Release;
		};
		6827E1D52059E91400B1F572 /* Debug */ = {
			isa = XCBuildConfiguration;
			baseConfigurationReference = 0BBB42AD318C0A2ABBBFB80B /* Pods-YourWorld.debug.xcconfig */;
			buildSettings = {
				ASSETCATALOG_COMPILER_APPICON_NAME = AppIcon;
				CODE_SIGN_STYLE = Automatic;
				DEVELOPMENT_TEAM = E2L636Z97D;
				INFOPLIST_FILE = YourWorld/Info.plist;
				LD_RUNPATH_SEARCH_PATHS = "$(inherited) @executable_path/Frameworks";
				PRODUCT_BUNDLE_IDENTIFIER = com.yourworld.app;
				PRODUCT_NAME = "$(TARGET_NAME)";
				SWIFT_VERSION = 4.0;
				TARGETED_DEVICE_FAMILY = "1,2";
			};
			name = Debug;
		};
		6827E1D62059E91400B1F572 /* Release */ = {
			isa = XCBuildConfiguration;
			baseConfigurationReference = A92B43C10D95777DA5F97B50 /* Pods-YourWorld.release.xcconfig */;
			buildSettings = {
				ASSETCATALOG_COMPILER_APPICON_NAME = AppIcon;
				CODE_SIGN_STYLE = Automatic;
				DEVELOPMENT_TEAM = E2L636Z97D;
				INFOPLIST_FILE = YourWorld/Info.plist;
				LD_RUNPATH_SEARCH_PATHS = "$(inherited) @executable_path/Frameworks";
				PRODUCT_BUNDLE_IDENTIFIER = com.yourworld.app;
				PRODUCT_NAME = "$(TARGET_NAME)";
				SWIFT_VERSION = 4.0;
				TARGETED_DEVICE_FAMILY = "1,2";
			};
			name = Release;
		};
/* End XCBuildConfiguration section */

/* Begin XCConfigurationList section */
		6827E1BA2059E91400B1F572 /* Build configuration list for PBXProject "YourWorld" */ = {
			isa = XCConfigurationList;
			buildConfigurations = (
				6827E1D22059E91400B1F572 /* Debug */,
				6827E1D32059E91400B1F572 /* Release */,
			);
			defaultConfigurationIsVisible = 0;
			defaultConfigurationName = Release;
		};
		6827E1D42059E91400B1F572 /* Build configuration list for PBXNativeTarget "YourWorld" */ = {
			isa = XCConfigurationList;
			buildConfigurations = (
				6827E1D52059E91400B1F572 /* Debug */,
				6827E1D62059E91400B1F572 /* Release */,
			);
			defaultConfigurationIsVisible = 0;
			defaultConfigurationName = Release;
		};
/* End XCConfigurationList section */

/* Begin XCVersionGroup section */
		6827E1C92059E91400B1F572 /* YourWorld.xcdatamodeld */ = {
			isa = XCVersionGroup;
			children = (
				6827E1CA2059E91400B1F572 /* YourWorld.xcdatamodel */,
			);
			currentVersion = 6827E1CA2059E91400B1F572 /* YourWorld.xcdatamodel */;
			path = YourWorld.xcdatamodeld;
			sourceTree = "<group>";
			versionGroupType = wrapper.xcdatamodel;
		};
/* End XCVersionGroup section */
	};
	rootObject = 6827E1B72059E91400B1F572 /* Project object */;
}
